# This file is automatically @generated by Cargo.
# It is not intended for manual editing.
version = 4

[[package]]
name = "control-math"
version = "0.1.0"
dependencies = [
 "rand_mt",
]

[[package]]
name = "rand_mt"
version = "6.0.3"
source = "registry+https://github.com/rust-lang/crates.io-index"
checksum = "f4f926523c30345680eb6641f4256a151f0826c5605e190177541f9e40a32390"
